{
  "version": 4,
  "terraform_version": "1.9.0",
  "serial": 18,
  "lineage": "9df2952a-d443-6dcf-722e-60d4123fd2b0",
  "outputs": {},
  "resources": [
    {
      "mode": "managed",
      "type": "kubernetes_deployment",
      "name": "nginx",
      "provider": "provider[\"registry.terraform.io/hashicorp/kubernetes\"]",
      "instances": [
        {
          "schema_version": 1,
          "attributes": {
            "id": "demo-namespace/nginx-deployment",
            "metadata": [
              {
                "annotations": {},
                "generate_name": "",
                "generation": 1,
                "labels": {
                  "app": "nginx"
                },
                "name": "nginx-deployment",
                "namespace": "demo-namespace",
                "resource_version": "792",
                "uid": "e293d27b-c67b-457e-a3bb-a9dce8c2ac37"
              }
            ],
            "spec": [
              {
                "min_ready_seconds": 0,
                "paused": false,
                "progress_deadline_seconds": 600,
                "replicas": "1",
                "revision_history_limit": 10,
                "selector": [
                  {
                    "match_expressions": [],
                    "match_labels": {
                      "app": "nginx"
                    }
                  }
                ],
                "strategy": [
                  {
                    "rolling_update": [
                      {
                        "max_surge": "25%",
                        "max_unavailable": "25%"
                      }
                    ],
                    "type": "RollingUpdate"
                  }
                ],
                "template": [
                  {
                    "metadata": [
                      {
                        "annotations": {},
                        "generate_name": "",
                        "generation": 0,
                        "labels": {
                          "app": "nginx"
                        },
                        "name": "",
                        "namespace": "",
                        "resource_version": "",
                        "uid": ""
                      }
                    ],
                    "spec": [
                      {
                        "active_deadline_seconds": 0,
                        "affinity": [],
                        "automount_service_account_token": true,
                        "container": [
                          {
                            "args": [],
                            "command": [],
                            "env": [],
                            "env_from": [],
                            "image": "nginx:latest",
                            "image_pull_policy": "Always",
                            "lifecycle": [],
                            "liveness_probe": [],
                            "name": "nginx",
                            "port": [
                              {
                                "container_port": 80,
                                "host_ip": "",
                                "host_port": 0,
                                "name": "",
                                "protocol": "TCP"
                              }
                            ],
                            "readiness_probe": [],
                            "resources": [
                              {
                                "limits": {},
                                "requests": {}
                              }
                            ],
                            "security_context": [],
                            "startup_probe": [],
                            "stdin": false,
                            "stdin_once": false,
                            "termination_message_path": "/dev/termination-log",
                            "termination_message_policy": "File",
                            "tty": false,
                            "volume_mount": [],
                            "working_dir": ""
                          }
                        ],
                        "dns_config": [],
                        "dns_policy": "ClusterFirst",
                        "enable_service_links": true,
                        "host_aliases": [],
                        "host_ipc": false,
                        "host_network": false,
                        "host_pid": false,
                        "hostname": "",
                        "image_pull_secrets": [],
                        "init_container": [],
                        "node_name": "",
                        "node_selector": {},
                        "os": [],
                        "priority_class_name": "",
                        "readiness_gate": [],
                        "restart_policy": "Always",
                        "runtime_class_name": "",
                        "scheduler_name": "default-scheduler",
                        "security_context": [],
                        "service_account_name": "",
                        "share_process_namespace": false,
                        "subdomain": "",
                        "termination_grace_period_seconds": 30,
                        "toleration": [],
                        "topology_spread_constraint": [],
                        "volume": []
                      }
                    ]
                  }
                ]
              }
            ],
            "timeouts": null,
            "wait_for_rollout": true
          },
          "sensitive_attributes": [],
          "private": "eyJlMmJmYjczMC1lY2FhLTExZTYtOGY4OC0zNDM2M2JjN2M0YzAiOnsiY3JlYXRlIjo2MDAwMDAwMDAwMDAsImRlbGV0ZSI6NjAwMDAwMDAwMDAwLCJ1cGRhdGUiOjYwMDAwMDAwMDAwMH0sInNjaGVtYV92ZXJzaW9uIjoiMSJ9",
          "dependencies": [
            "kubernetes_namespace.demo"
          ]
        }
      ]
    },
    {
      "mode": "managed",
      "type": "kubernetes_horizontal_pod_autoscaler",
      "name": "nginx",
      "provider": "provider[\"registry.terraform.io/hashicorp/kubernetes\"]",
      "instances": [
        {
          "schema_version": 0,
          "attributes": {
            "id": "demo-namespace/nginx-hpa",
            "metadata": [
              {
                "annotations": null,
                "generate_name": "",
                "generation": 0,
                "labels": null,
                "name": "nginx-hpa",
                "namespace": "demo-namespace",
                "resource_version": "1425",
                "uid": "b34ffa9e-6776-42b2-9c22-8c4ce68b53c2"
              }
            ],
            "spec": [
              {
                "behavior": [],
                "max_replicas": 5,
                "metric": [],
                "min_replicas": 1,
                "scale_target_ref": [
                  {
                    "api_version": "apps/v1",
                    "kind": "Deployment",
                    "name": "nginx-deployment"
                  }
                ],
                "target_cpu_utilization_percentage": 50
              }
            ]
          },
          "sensitive_attributes": [],
          "private": "bnVsbA==",
          "dependencies": [
            "kubernetes_deployment.nginx",
            "kubernetes_namespace.demo"
          ]
        }
      ]
    },
    {
      "mode": "managed",
      "type": "kubernetes_ingress_v1",
      "name": "nginx",
      "provider": "provider[\"registry.terraform.io/hashicorp/kubernetes\"]",
      "instances": [
        {
          "schema_version": 0,
          "attributes": {
            "id": "demo-namespace/nginx-ingress",
            "metadata": [
              {
                "annotations": {
                  "kubernetes.io/ingress.class": "traefik"
                },
                "generate_name": "",
                "generation": 1,
                "labels": {},
                "name": "nginx-ingress",
                "namespace": "demo-namespace",
                "resource_version": "776",
                "uid": "5a8942eb-4ed9-4b9c-9fda-111d96bf6d3e"
              }
            ],
            "spec": [
              {
                "default_backend": [],
                "ingress_class_name": "",
                "rule": [
                  {
                    "host": "",
                    "http": [
                      {
                        "path": [
                          {
                            "backend": [
                              {
                                "resource": [],
                                "service": [
                                  {
                                    "name": "nginx-service",
                                    "port": [
                                      {
                                        "name": "",
                                        "number": 80
                                      }
                                    ]
                                  }
                                ]
                              }
                            ],
                            "path": "/",
                            "path_type": "Prefix"
                          }
                        ]
                      }
                    ]
                  }
                ],
                "tls": []
              }
            ],
            "status": [
              {
                "load_balancer": [
                  {
                    "ingress": [
                      {
                        "hostname": "",
                        "ip": "172.18.0.2"
                      }
                    ]
                  }
                ]
              }
            ],
            "timeouts": null,
            "wait_for_load_balancer": null
          },
          "sensitive_attributes": [],
          "private": "eyJlMmJmYjczMC1lY2FhLTExZTYtOGY4OC0zNDM2M2JjN2M0YzAiOnsiY3JlYXRlIjoxMjAwMDAwMDAwMDAwLCJkZWxldGUiOjEyMDAwMDAwMDAwMDB9fQ==",
          "dependencies": [
            "kubernetes_namespace.demo",
            "kubernetes_service.nginx"
          ]
        }
      ]
    },
    {
      "mode": "managed",
      "type": "kubernetes_namespace",
      "name": "demo",
      "provider": "provider[\"registry.terraform.io/hashicorp/kubernetes\"]",
      "instances": [
        {
          "schema_version": 0,
          "attributes": {
            "id": "demo-namespace",
            "metadata": [
              {
                "annotations": {},
                "generate_name": "",
                "generation": 0,
                "labels": {},
                "name": "demo-namespace",
                "resource_version": "760",
                "uid": "f9a77436-e75e-412b-967a-3414e5fdc068"
              }
            ],
            "timeouts": null,
            "wait_for_default_service_account": false
          },
          "sensitive_attributes": [],
          "private": "eyJlMmJmYjczMC1lY2FhLTExZTYtOGY4OC0zNDM2M2JjN2M0YzAiOnsiZGVsZXRlIjozMDAwMDAwMDAwMDB9fQ=="
        }
      ]
    },
    {
      "mode": "managed",
      "type": "kubernetes_service",
      "name": "nginx",
      "provider": "provider[\"registry.terraform.io/hashicorp/kubernetes\"]",
      "instances": [
        {
          "schema_version": 1,
          "attributes": {
            "id": "demo-namespace/nginx-service",
            "metadata": [
              {
                "annotations": {},
                "generate_name": "",
                "generation": 0,
                "labels": {
                  "app": "nginx"
                },
                "name": "nginx-service",
                "namespace": "demo-namespace",
                "resource_version": "764",
                "uid": "8d64b02d-18ff-4b8f-b4fa-74153421e81d"
              }
            ],
            "spec": [
              {
                "allocate_load_balancer_node_ports": true,
                "cluster_ip": "10.43.181.24",
                "cluster_ips": [
                  "10.43.181.24"
                ],
                "external_ips": [],
                "external_name": "",
                "external_traffic_policy": "",
                "health_check_node_port": 0,
                "internal_traffic_policy": "Cluster",
                "ip_families": [
                  "IPv4"
                ],
                "ip_family_policy": "SingleStack",
                "load_balancer_class": "",
                "load_balancer_ip": "",
                "load_balancer_source_ranges": [],
                "port": [
                  {
                    "app_protocol": "",
                    "name": "http",
                    "node_port": 0,
                    "port": 80,
                    "protocol": "TCP",
                    "target_port": "80"
                  }
                ],
                "publish_not_ready_addresses": false,
                "selector": {
                  "app": "nginx"
                },
                "session_affinity": "None",
                "session_affinity_config": [],
                "type": "ClusterIP"
              }
            ],
            "status": [
              {
                "load_balancer": [
                  {
                    "ingress": []
                  }
                ]
              }
            ],
            "timeouts": null,
            "wait_for_load_balancer": true
          },
          "sensitive_attributes": [],
          "private": "eyJlMmJmYjczMC1lY2FhLTExZTYtOGY4OC0zNDM2M2JjN2M0YzAiOnsiY3JlYXRlIjo2MDAwMDAwMDAwMDB9LCJzY2hlbWFfdmVyc2lvbiI6IjEifQ==",
          "dependencies": [
            "kubernetes_namespace.demo"
          ]
        }
      ]
    }
  ],
  "check_results": null
}
